// !$*UTF8*$!
{
	archiveVersion = 1;
	classes = {
	};
	objectVersion = 50;
	objects = {

/* Begin PBXBuildFile section */
		02B26C5D24ECF0B600EBE600 /* AppDelegate.swift in Sources */ = {isa = PBXBuildFile; fileRef = 02B26C5C24ECF0B600EBE600 /* AppDelegate.swift */; };
		02B26C5F24ECF0B600EBE600 /* ContentView.swift in Sources */ = {isa = PBXBuildFile; fileRef = 02B26C5E24ECF0B600EBE600 /* ContentView.swift */; };
		02B26C6124ECF0B700EBE600 /* Assets.xcassets in Resources */ = {isa = PBXBuildFile; fileRef = 02B26C6024ECF0B700EBE600 /* Assets.xcassets */; };
		02B26C6424ECF0B700EBE600 /* Preview Assets.xcassets in Resources */ = {isa = PBXBuildFile; fileRef = 02B26C6324ECF0B700EBE600 /* Preview Assets.xcassets */; };
		02B26C6724ECF0B700EBE600 /* Main.storyboard in Resources */ = {isa = PBXBuildFile; fileRef = 02B26C6524ECF0B700EBE600 /* Main.storyboard */; };
		02B26C7324ECF0B700EBE600 /* trialTests.swift in Sources */ = {isa = PBXBuildFile; fileRef = 02B26C7224ECF0B700EBE600 /* trialTests.swift */; };
		02B26C7E24ECF0B700EBE600 /* trialUITests.swift in Sources */ = {isa = PBXBuildFile; fileRef = 02B26C7D24ECF0B700EBE600 /* trialUITests.swift */; };
/* End PBXBuildFile section */

/* Begin PBXContainerItemProxy section */
		02B26C6F24ECF0B700EBE600 /* PBXContainerItemProxy */ = {
			isa = PBXContainerItemProxy;
			containerPortal = 02B26C5124ECF0B500EBE600 /* Project object */;
			proxyType = 1;
			remoteGlobalIDString = 02B26C5824ECF0B500EBE600;
			remoteInfo = trial;
		};
		02B26C7A24ECF0B700EBE600 /* PBXContainerItemProxy */ = {
			isa = PBXContainerItemProxy;
			containerPortal = 02B26C5124ECF0B500EBE600 /* Project object */;
			proxyType = 1;
			remoteGlobalIDString = 02B26C5824ECF0B500EBE600;
			remoteInfo = trial;
		};
/* End PBXContainerItemProxy section */

/* Begin PBXFileReference section */
		02B26C5924ECF0B600EBE600 /* trial.app */ = {isa = PBXFileReference; explicitFileType = wrapper.application; includeInIndex = 0; path = trial.app; sourceTree = BUILT_PRODUCTS_DIR; };
		02B26C5C24ECF0B600EBE600 /* AppDelegate.swift */ = {isa = PBXFileReference; lastKnownFileType = sourcecode.swift; path = AppDelegate.swift; sourceTree = "<group>"; };
		02B26C5E24ECF0B600EBE600 /* ContentView.swift */ = {isa = PBXFileReference; lastKnownFileType = sourcecode.swift; path = ContentView.swift; sourceTree = "<group>"; };
		02B26C6024ECF0B700EBE600 /* Assets.xcassets */ = {isa = PBXFileReference; lastKnownFileType = folder.assetcatalog; path = Assets.xcassets; sourceTree = "<group>"; };
		02B26C6324ECF0B700EBE600 /* Preview Assets.xcassets */ = {isa = PBXFileReference; lastKnownFileType = folder.assetcatalog; path = "Preview Assets.xcassets"; sourceTree = "<group>"; };
		02B26C6624ECF0B700EBE600 /* Base */ = {isa = PBXFileReference; lastKnownFileType = file.storyboard; name = Base; path = Base.lproj/Main.storyboard; sourceTree = "<group>"; };
		02B26C6824ECF0B700EBE600 /* Info.plist */ = {isa = PBXFileReference; lastKnownFileType = text.plist.xml; path = Info.plist; sourceTree = "<group>"; };
		02B26C6924ECF0B700EBE600 /* trial.entitlements */ = {isa = PBXFileReference; lastKnownFileType = text.plist.entitlements; path = trial.entitlements; sourceTree = "<group>"; };
		02B26C6E24ECF0B700EBE600 /* trialTests.xctest */ = {isa = PBXFileReference; explicitFileType = wrapper.cfbundle; includeInIndex = 0; path = trialTests.xctest; sourceTree = BUILT_PRODUCTS_DIR; };
		02B26C7224ECF0B700EBE600 /* trialTests.swift */ = {isa = PBXFileReference; lastKnownFileType = sourcecode.swift; path = trialTests.swift; sourceTree = "<group>"; };
		02B26C7424ECF0B700EBE600 /* Info.plist */ = {isa = PBXFileReference; lastKnownFileType = text.plist.xml; path = Info.plist; sourceTree = "<group>"; };
		02B26C7924ECF0B700EBE600 /* trialUITests.xctest */ = {isa = PBXFileReference; explicitFileType = wrapper.cfbundle; includeInIndex = 0; path = trialUITests.xctest; sourceTree = BUILT_PRODUCTS_DIR; };
		02B26C7D24ECF0B700EBE600 /* trialUITests.swift */ = {isa = PBXFileReference; lastKnownFileType = sourcecode.swift; path = trialUITests.swift; sourceTree = "<group>"; };
		02B26C7F24ECF0B700EBE600 /* Info.plist */ = {isa = PBXFileReference; lastKnownFileType = text.plist.xml; path = Info.plist; sourceTree = "<group>"; };
/* End PBXFileReference section */

/* Begin PBXFrameworksBuildPhase section */
		02B26C5624ECF0B500EBE600 /* Frameworks */ = {
			isa = PBXFrameworksBuildPhase;
			buildActionMask = 2147483647;
			files = (
			);
			runOnlyForDeploymentPostprocessing = 0;
		};
		02B26C6B24ECF0B700EBE600 /* Frameworks */ = {
			isa = PBXFrameworksBuildPhase;
			buildActionMask = 2147483647;
			files = (
			);
			runOnlyForDeploymentPostprocessing = 0;
		};
		02B26C7624ECF0B700EBE600 /* Frameworks */ = {
			isa = PBXFrameworksBuildPhase;
			buildActionMask = 2147483647;
			files = (
			);
			runOnlyForDeploymentPostprocessing = 0;
		};
/* End PBXFrameworksBuildPhase section */

/* Begin PBXGroup section */
		02B26C5024ECF0B500EBE600 = {
			isa = PBXGroup;
			children = (
				02B26C5B24ECF0B600EBE600 /* trial */,
				02B26C7124ECF0B700EBE600 /* trialTests */,
				02B26C7C24ECF0B700EBE600 /* trialUITests */,
				02B26C5A24ECF0B600EBE600 /* Products */,
			);
			sourceTree = "<group>";
		};
		02B26C5A24ECF0B600EBE600 /* Products */ = {
			isa = PBXGroup;
			children = (
				02B26C5924ECF0B600EBE600 /* trial.app */,
				02B26C6E24ECF0B700EBE600 /* trialTests.xctest */,
				02B26C7924ECF0B700EBE600 /* trialUITests.xctest */,
			);
			name = Products;
			sourceTree = "<group>";
		};
		02B26C5B24ECF0B600EBE600 /* trial */ = {
			isa = PBXGroup;
			children = (
				02B26C5C24ECF0B600EBE600 /* AppDelegate.swift */,
				02B26C5E24ECF0B600EBE600 /* ContentView.swift */,
				02B26C6024ECF0B700EBE600 /* Assets.xcassets */,
				02B26C6524ECF0B700EBE600 /* Main.storyboard */,
				02B26C6824ECF0B700EBE600 /* Info.plist */,
				02B26C6924ECF0B700EBE600 /* trial.entitlements */,
				02B26C6224ECF0B700EBE600 /* Preview Content */,
			);
			path = trial;
			sourceTree = "<group>";
		};
		02B26C6224ECF0B700EBE600 /* Preview Content */ = {
			isa = PBXGroup;
			children = (
				02B26C6324ECF0B700EBE600 /* Preview Assets.xcassets */,
			);
			path = "Preview Content";
			sourceTree = "<group>";
		};
		02B26C7124ECF0B700EBE600 /* trialTests */ = {
			isa = PBXGroup;
			children = (
				02B26C7224ECF0B700EBE600 /* trialTests.swift */,
				02B26C7424ECF0B700EBE600 /* Info.plist */,
			);
			path = trialTests;
			sourceTree = "<group>";
		};
		02B26C7C24ECF0B700EBE600 /* trialUITests */ = {
			isa = PBXGroup;
			children = (
				02B26C7D24ECF0B700EBE600 /* trialUITests.swift */,
				02B26C7F24ECF0B700EBE600 /* Info.plist */,
			);
			path = trialUITests;
			sourceTree = "<group>";
		};
/* End PBXGroup section */

/* Begin PBXNativeTarget section */
		02B26C5824ECF0B500EBE600 /* trial */ = {
			isa = PBXNativeTarget;
			buildConfigurationList = 02B26C8224ECF0B700EBE600 /* Build configuration list for PBXNativeTarget "trial" */;
			buildPhases = (
				02B26C5524ECF0B500EBE600 /* Sources */,
				02B26C5624ECF0B500EBE600 /* Frameworks */,
				02B26C5724ECF0B500EBE600 /* Resources */,
			);
			buildRules = (
			);
			dependencies = (
			);
			name = trial;
			productName = trial;
			productReference = 02B26C5924ECF0B600EBE600 /* trial.app */;
			productType = "com.apple.product-type.application";
		};
		02B26C6D24ECF0B700EBE600 /* trialTests */ = {
			isa = PBXNativeTarget;
			buildConfigurationList = 02B26C8524ECF0B700EBE600 /* Build configuration list for PBXNativeTarget "trialTests" */;
			buildPhases = (
				02B26C6A24ECF0B700EBE600 /* Sources */,
				02B26C6B24ECF0B700EBE600 /* Frameworks */,
				02B26C6C24ECF0B700EBE600 /* Resources */,
			);
			buildRules = (
			);
			dependencies = (
				02B26C7024ECF0B700EBE600 /* PBXTargetDependency */,
			);
			name = trialTests;
			productName = trialTests;
			productReference = 02B26C6E24ECF0B700EBE600 /* trialTests.xctest */;
			productType = "com.apple.product-type.bundle.unit-test";
		};
		02B26C7824ECF0B700EBE600 /* trialUITests */ = {
			isa = PBXNativeTarget;
			buildConfigurationList = 02B26C8824ECF0B700EBE600 /* Build configuration list for PBXNativeTarget "trialUITests" */;
			buildPhases = (
				02B26C7524ECF0B700EBE600 /* Sources */,
				02B26C7624ECF0B700EBE600 /* Frameworks */,
				02B26C7724ECF0B700EBE600 /* Resources */,
			);
			buildRules = (
			);
			dependencies = (
				02B26C7B24ECF0B700EBE600 /* PBXTargetDependency */,
			);
			name = trialUITests;
			productName = trialUITests;
			productReference = 02B26C7924ECF0B700EBE600 /* trialUITests.xctest */;
			productType = "com.apple.product-type.bundle.ui-testing";
		};
/* End PBXNativeTarget section */

/* Begin PBXProject section */
		02B26C5124ECF0B500EBE600 /* Project object */ = {
			isa = PBXProject;
			attributes = {
				LastSwiftUpdateCheck = 1160;
				LastUpgradeCheck = 1160;
				ORGANIZATIONNAME = "Ulrik Sandberg";
				TargetAttributes = {
					02B26C5824ECF0B500EBE600 = {
						CreatedOnToolsVersion = 11.6;
					};
					02B26C6D24ECF0B700EBE600 = {
						CreatedOnToolsVersion = 11.6;
						TestTargetID = 02B26C5824ECF0B500EBE600;
					};
					02B26C7824ECF0B700EBE600 = {
						CreatedOnToolsVersion = 11.6;
						TestTargetID = 02B26C5824ECF0B500EBE600;
					};
				};
			};
			buildConfigurationList = 02B26C5424ECF0B500EBE600 /* Build configuration list for PBXProject "trial" */;
			compatibilityVersion = "Xcode 9.3";
			developmentRegion = en;
			hasScannedForEncodings = 0;
			knownRegions = (
				en,
				Base,
			);
			mainGroup = 02B26C5024ECF0B500EBE600;
			productRefGroup = 02B26C5A24ECF0B600EBE600 /* Products */;
			projectDirPath = "";
			projectRoot = "";
			targets = (
				02B26C5824ECF0B500EBE600 /* trial */,
				02B26C6D24ECF0B700EBE600 /* trialTests */,
				02B26C7824ECF0B700EBE600 /* trialUITests */,
			);
		};
/* End PBXProject section */

/* Begin PBXResourcesBuildPhase section */
		02B26C5724ECF0B500EBE600 /* Resources */ = {
			isa = PBXResourcesBuildPhase;
			buildActionMask = 2147483647;
			files = (
				02B26C6724ECF0B700EBE600 /* Main.storyboard in Resources */,
				02B26C6424ECF0B700EBE600 /* Preview Assets.xcassets in Resources */,
				02B26C6124ECF0B700EBE600 /* Assets.xcassets in Resources */,
			);
			runOnlyForDeploymentPostprocessing = 0;
		};
		02B26C6C24ECF0B700EBE600 /* Resources */ = {
			isa = PBXResourcesBuildPhase;
			buildActionMask = 2147483647;
			files = (
			);
			runOnlyForDeploymentPostprocessing = 0;
		};
		02B26C7724ECF0B700EBE600 /* Resources */ = {
			isa = PBXResourcesBuildPhase;
			buildActionMask = 2147483647;
			files = (
			);
			runOnlyForDeploymentPostprocessing = 0;
		};
/* End PBXResourcesBuildPhase section */

/* Begin PBXSourcesBuildPhase section */
		02B26C5524ECF0B500EBE600 /* Sources */ = {
			isa = PBXSourcesBuildPhase;
			buildActionMask = 2147483647;
			files = (
				02B26C5F24ECF0B600EBE600 /* ContentView.swift in Sources */,
				02B26C5D24ECF0B600EBE600 /* AppDelegate.swift in Sources */,
			);
			runOnlyForDeploymentPostprocessing = 0;
		};
		02B26C6A24ECF0B700EBE600 /* Sources */ = {
			isa = PBXSourcesBuildPhase;
			buildActionMask = 2147483647;
			files = (
				02B26C7324ECF0B700EBE600 /* trialTests.swift in Sources */,
			);
			runOnlyForDeploymentPostprocessing = 0;
		};
		02B26C7524ECF0B700EBE600 /* Sources */ = {
			isa = PBXSourcesBuildPhase;
			buildActionMask = 2147483647;
			files = (
				02B26C7E24ECF0B700EBE600 /* trialUITests.swift in Sources */,
			);
			runOnlyForDeploymentPostprocessing = 0;
		};
/* End PBXSourcesBuildPhase section */

/* Begin PBXTargetDependency section */
		02B26C7024ECF0B700EBE600 /* PBXTargetDependency */ = {
			isa = PBXTargetDependency;
			target = 02B26C5824ECF0B500EBE600 /* trial */;
			targetProxy = 02B26C6F24ECF0B700EBE600 /* PBXContainerItemProxy */;
		};
		02B26C7B24ECF0B700EBE600 /* PBXTargetDependency */ = {
			isa = PBXTargetDependency;
			target = 02B26C5824ECF0B500EBE600 /* trial */;
			targetProxy = 02B26C7A24ECF0B700EBE600 /* PBXContainerItemProxy */;
		};
/* End PBXTargetDependency section */

/* Begin PBXVariantGroup section */
		02B26C6524ECF0B700EBE600 /* Main.storyboard */ = {
			isa = PBXVariantGroup;
			children = (
				02B26C6624ECF0B700EBE600 /* Base */,
			);
			name = Main.storyboard;
			sourceTree = "<group>";
		};
/* End PBXVariantGroup section */

/* Begin XCBuildConfiguration section */
		02B26C8024ECF0B700EBE600 /* Debug */ = {
			isa = XCBuildConfiguration;
			buildSettings = {
				ALWAYS_SEARCH_USER_PATHS = NO;
				CLANG_ANALYZER_NONNULL = YES;
				CLANG_ANALYZER_NUMBER_OBJECT_CONVERSION = YES_AGGRESSIVE;
				CLANG_CXX_LANGUAGE_STANDARD = "gnu++14";
				CLANG_CXX_LIBRARY = "libc++";
				CLANG_ENABLE_MODULES = YES;
				CLANG_ENABLE_OBJC_ARC = YES;
				CLANG_ENABLE_OBJC_WEAK = YES;
				CLANG_WARN_BLOCK_CAPTURE_AUTORELEASING = YES;
				CLANG_WARN_BOOL_CONVERSION = YES;
				CLANG_WARN_COMMA = YES;
				CLANG_WARN_CONSTANT_CONVERSION = YES;
				CLANG_WARN_DEPRECATED_OBJC_IMPLEMENTATIONS = YES;
				CLANG_WARN_DIRECT_OBJC_ISA_USAGE = YES_ERROR;
				CLANG_WARN_DOCUMENTATION_COMMENTS = YES;
				CLANG_WARN_EMPTY_BODY = YES;
				CLANG_WARN_ENUM_CONVERSION = YES;
				CLANG_WARN_INFINITE_RECURSION = YES;
				CLANG_WARN_INT_CONVERSION = YES;
				CLANG_WARN_NON_LITERAL_NULL_CONVERSION = YES;
				CLANG_WARN_OBJC_IMPLICIT_RETAIN_SELF = YES;
				CLANG_WARN_OBJC_LITERAL_CONVERSION = YES;
				CLANG_WARN_OBJC_ROOT_CLASS = YES_ERROR;
				CLANG_WARN_RANGE_LOOP_ANALYSIS = YES;
				CLANG_WARN_STRICT_PROTOTYPES = YES;
				CLANG_WARN_SUSPICIOUS_MOVE = YES;
				CLANG_WARN_UNGUARDED_AVAILABILITY = YES_AGGRESSIVE;
				CLANG_WARN_UNREACHABLE_CODE = YES;
				CLANG_WARN__DUPLICATE_METHOD_MATCH = YES;
				COPY_PHASE_STRIP = NO;
				DEBUG_INFORMATION_FORMAT = dwarf;
				ENABLE_STRICT_OBJC_MSGSEND = YES;
				ENABLE_TESTABILITY = YES;
				GCC_C_LANGUAGE_STANDARD = gnu11;
				GCC_DYNAMIC_NO_PIC = NO;
				GCC_NO_COMMON_BLOCKS = YES;
				GCC_OPTIMIZATION_LEVEL = 0;
				GCC_PREPROCESSOR_DEFINITIONS = (
					"DEBUG=1",
					"$(inherited)",
				);
				GCC_WARN_64_TO_32_BIT_CONVERSION = YES;
				GCC_WARN_ABOUT_RETURN_TYPE = YES_ERROR;
				GCC_WARN_UNDECLARED_SELECTOR = YES;
				GCC_WARN_UNINITIALIZED_AUTOS = YES_AGGRESSIVE;
				GCC_WARN_UNUSED_FUNCTION = YES;
				GCC_WARN_UNUSED_VARIABLE = YES;
				MACOSX_DEPLOYMENT_TARGET = 10.15;
				MTL_ENABLE_DEBUG_INFO = INCLUDE_SOURCE;
				MTL_FAST_MATH = YES;
				ONLY_ACTIVE_ARCH = YES;
				SDKROOT = macosx;
				SWIFT_ACTIVE_COMPILATION_CONDITIONS = DEBUG;
				SWIFT_OPTIMIZATION_LEVEL = "-Onone";
			};
			name = Debug;
		};
		02B26C8124ECF0B700EBE600 /* Release */ = {
			isa = XCBuildConfiguration;
			buildSettings = {
				ALWAYS_SEARCH_USER_PATHS = NO;
				CLANG_ANALYZER_NONNULL = YES;
				CLANG_ANALYZER_NUMBER_OBJECT_CONVERSION = YES_AGGRESSIVE;
				CLANG_CXX_LANGUAGE_STANDARD = "gnu++14";
				CLANG_CXX_LIBRARY = "libc++";
				CLANG_ENABLE_MODULES = YES;
				CLANG_ENABLE_OBJC_ARC = YES;
				CLANG_ENABLE_OBJC_WEAK = YES;
				CLANG_WARN_BLOCK_CAPTURE_AUTORELEASING = YES;
				CLANG_WARN_BOOL_CONVERSION = YES;
				CLANG_WARN_COMMA = YES;
				CLANG_WARN_CONSTANT_CONVERSION = YES;
				CLANG_WARN_DEPRECATED_OBJC_IMPLEMENTATIONS = YES;
				CLANG_WARN_DIRECT_OBJC_ISA_USAGE = YES_ERROR;
				CLANG_WARN_DOCUMENTATION_COMMENTS = YES;
				CLANG_WARN_EMPTY_BODY = YES;
				CLANG_WARN_ENUM_CONVERSION = YES;
				CLANG_WARN_INFINITE_RECURSION = YES;
				CLANG_WARN_INT_CONVERSION = YES;
				CLANG_WARN_NON_LITERAL_NULL_CONVERSION = YES;
				CLANG_WARN_OBJC_IMPLICIT_RETAIN_SELF = YES;
				CLANG_WARN_OBJC_LITERAL_CONVERSION = YES;
				CLANG_WARN_OBJC_ROOT_CLASS = YES_ERROR;
				CLANG_WARN_RANGE_LOOP_ANALYSIS = YES;
				CLANG_WARN_STRICT_PROTOTYPES = YES;
				CLANG_WARN_SUSPICIOUS_MOVE = YES;
				CLANG_WARN_UNGUARDED_AVAILABILITY = YES_AGGRESSIVE;
				CLANG_WARN_UNREACHABLE_CODE = YES;
				CLANG_WARN__DUPLICATE_METHOD_MATCH = YES;
				COPY_PHASE_STRIP = NO;
				DEBUG_INFORMATION_FORMAT = "dwarf-with-dsym";
				ENABLE_NS_ASSERTIONS = NO;
				ENABLE_STRICT_OBJC_MSGSEND = YES;
				GCC_C_LANGUAGE_STANDARD = gnu11;
				GCC_NO_COMMON_BLOCKS = YES;
				GCC_WARN_64_TO_32_BIT_CONVERSION = YES;
				GCC_WARN_ABOUT_RETURN_TYPE = YES_ERROR;
				GCC_WARN_UNDECLARED_SELECTOR = YES;
				GCC_WARN_UNINITIALIZED_AUTOS = YES_AGGRESSIVE;
				GCC_WARN_UNUSED_FUNCTION = YES;
				GCC_WARN_UNUSED_VARIABLE = YES;
				MACOSX_DEPLOYMENT_TARGET = 10.15;
				MTL_ENABLE_DEBUG_INFO = NO;
				MTL_FAST_MATH = YES;
				SDKROOT = macosx;
				SWIFT_COMPILATION_MODE = wholemodule;
				SWIFT_OPTIMIZATION_LEVEL = "-O";
			};
			name = Release;
		};
		02B26C8324ECF0B700EBE600 /* Debug */ = {
			isa = XCBuildConfiguration;
			buildSettings = {
				ASSETCATALOG_COMPILER_APPICON_NAME = AppIcon;
				CODE_SIGN_ENTITLEMENTS = trial/trial.entitlements;
				CODE_SIGN_STYLE = Automatic;
				COMBINE_HIDPI_IMAGES = YES;
				DEVELOPMENT_ASSET_PATHS = "\"trial/Preview Content\"";
				ENABLE_PREVIEWS = YES;
				INFOPLIST_FILE = trial/Info.plist;
				LD_RUNPATH_SEARCH_PATHS = (
					"$(inherited)",
					"@executable_path/../Frameworks",
				);
				MACOSX_DEPLOYMENT_TARGET = 10.15;
				PRODUCT_BUNDLE_IDENTIFIER = WebCompany.trial;
				PRODUCT_NAME = "$(TARGET_NAME)";
				SWIFT_VERSION = 5.0;
			};
			name = Debug;
		};
		02B26C8424ECF0B700EBE600 /* Release */ = {
			isa = XCBuildConfiguration;
			buildSettings = {
				ASSETCATALOG_COMPILER_APPICON_NAME = AppIcon;
				CODE_SIGN_ENTITLEMENTS = trial/trial.entitlements;
				CODE_SIGN_STYLE = Automatic;
				COMBINE_HIDPI_IMAGES = YES;
				DEVELOPMENT_ASSET_PATHS = "\"trial/Preview Content\"";
				ENABLE_PREVIEWS = YES;
				INFOPLIST_FILE = trial/Info.plist;
				LD_RUNPATH_SEARCH_PATHS = (
					"$(inherited)",
					"@executable_path/../Frameworks",
				);
				MACOSX_DEPLOYMENT_TARGET = 10.15;
				PRODUCT_BUNDLE_IDENTIFIER = WebCompany.trial;
				PRODUCT_NAME = "$(TARGET_NAME)";
				SWIFT_VERSION = 5.0;
			};
			name = Release;
		};
		02B26C8624ECF0B700EBE600 /* Debug */ = {
			isa = XCBuildConfiguration;
			buildSettings = {
				ALWAYS_EMBED_SWIFT_STANDARD_LIBRARIES = YES;
				BUNDLE_LOADER = "$(TEST_HOST)";
				CODE_SIGN_STYLE = Automatic;
				COMBINE_HIDPI_IMAGES = YES;
				INFOPLIST_FILE = trialTests/Info.plist;
				LD_RUNPATH_SEARCH_PATHS = (
					"$(inherited)",
					"@executable_path/../Frameworks",
					"@loader_path/../Frameworks",
				);
				MACOSX_DEPLOYMENT_TARGET = 10.15;
				PRODUCT_BUNDLE_IDENTIFIER = WebCompany.trialTests;
				PRODUCT_NAME = "$(TARGET_NAME)";
				SWIFT_VERSION = 5.0;
				TEST_HOST = "$(BUILT_PRODUCTS_DIR)/trial.app/Contents/MacOS/trial";
			};
			name = Debug;
		};
		02B26C8724ECF0B700EBE600 /* Release */ = {
			isa = XCBuildConfiguration;
			buildSettings = {
				ALWAYS_EMBED_SWIFT_STANDARD_LIBRARIES = YES;
				BUNDLE_LOADER = "$(TEST_HOST)";
				CODE_SIGN_STYLE = Automatic;
				COMBINE_HIDPI_IMAGES = YES;
				INFOPLIST_FILE = trialTests/Info.plist;
				LD_RUNPATH_SEARCH_PATHS = (
					"$(inherited)",
					"@executable_path/../Frameworks",
					"@loader_path/../Frameworks",
				);
				MACOSX_DEPLOYMENT_TARGET = 10.15;
				PRODUCT_BUNDLE_IDENTIFIER = WebCompany.trialTests;
				PRODUCT_NAME = "$(TARGET_NAME)";
				SWIFT_VERSION = 5.0;
				TEST_HOST = "$(BUILT_PRODUCTS_DIR)/trial.app/Contents/MacOS/trial";
			};
			name = Release;
		};
		02B26C8924ECF0B700EBE600 /* Debug */ = {
			isa = XCBuildConfiguration;
			buildSettings = {
				ALWAYS_EMBED_SWIFT_STANDARD_LIBRARIES = YES;
				CODE_SIGN_STYLE = Automatic;
				COMBINE_HIDPI_IMAGES = YES;
				INFOPLIST_FILE = trialUITests/Info.plist;
				LD_RUNPATH_SEARCH_PATHS = (
					"$(inherited)",
					"@executable_path/../Frameworks",
					"@loader_path/../Frameworks",
				);
				PRODUCT_BUNDLE_IDENTIFIER = WebCompany.trialUITests;
				PRODUCT_NAME = "$(TARGET_NAME)";
				SWIFT_VERSION = 5.0;
				TEST_TARGET_NAME = trial;
			};
			name = Debug;
		};
		02B26C8A24ECF0B700EBE600 /* Release */ = {
			isa = XCBuildConfiguration;
			buildSettings = {
				ALWAYS_EMBED_SWIFT_STANDARD_LIBRARIES = YES;
				CODE_SIGN_STYLE = Automatic;
				COMBINE_HIDPI_IMAGES = YES;
				INFOPLIST_FILE = trialUITests/Info.plist;
				LD_RUNPATH_SEARCH_PATHS = (
					"$(inherited)",
					"@executable_path/../Frameworks",
					"@loader_path/../Frameworks",
				);
				PRODUCT_BUNDLE_IDENTIFIER = WebCompany.trialUITests;
				PRODUCT_NAME = "$(TARGET_NAME)";
				SWIFT_VERSION = 5.0;
				TEST_TARGET_NAME = trial;
			};
			name = Release;
		};
/* End XCBuildConfiguration section */

/* Begin XCConfigurationList section */
		02B26C5424ECF0B500EBE600 /* Build configuration list for PBXProject "trial" */ = {
			isa = XCConfigurationList;
			buildConfigurations = (
				02B26C8024ECF0B700EBE600 /* Debug */,
				02B26C8124ECF0B700EBE600 /* Release */,
			);
			defaultConfigurationIsVisible = 0;
			defaultConfigurationName = Release;
		};
		02B26C8224ECF0B700EBE600 /* Build configuration list for PBXNativeTarget "trial" */ = {
			isa = XCConfigurationList;
			buildConfigurations = (
				02B26C8324ECF0B700EBE600 /* Debug */,
				02B26C8424ECF0B700EBE600 /* Release */,
			);
			defaultConfigurationIsVisible = 0;
			defaultConfigurationName = Release;
		};
		02B26C8524ECF0B700EBE600 /* Build configuration list for PBXNativeTarget "trialTests" */ = {
			isa = XCConfigurationList;
			buildConfigurations = (
				02B26C8624ECF0B700EBE600 /* Debug */,
				02B26C8724ECF0B700EBE600 /* Release */,
			);
			defaultConfigurationIsVisible = 0;
			defaultConfigurationName = Release;
		};
		02B26C8824ECF0B700EBE600 /* Build configuration list for PBXNativeTarget "trialUITests" */ = {
			isa = XCConfigurationList;
			buildConfigurations = (
				02B26C8924ECF0B700EBE600 /* Debug */,
				02B26C8A24ECF0B700EBE600 /* Release */,
			);
			defaultConfigurationIsVisible = 0;
			defaultConfigurationName = Release;
		};
/* End XCConfigurationList section */
	};
	rootObject = 02B26C5124ECF0B500EBE600 /* Project object */;
}
